
Microsoft Visual Studio Solution File, Format Version 12.00
# Visual Studio Version 17
VisualStudioVersion = 17.9.34728.123
MinimumVisualStudioVersion = 10.0.40219.1
Project("{9A19103F-16F7-4668-BE54-9A1E7A4F7556}") = "Service1", "Service1.csproj", "{7E8CCBAB-0CCD-4038-92B8-024A1F4FBF34}"
EndProject
Project("{FAE04EC0-301F-11D3-BF4B-00C04F79EFBC}") = "SharedMenu", "..\SharedMenu\SharedMenu.csproj", "{7AB64356-0C8F-48DA-B377-ED1ABEEB08DE}"
EndProject
Project("{FAE04EC0-301F-11D3-BF4B-00C04F79EFBC}") = "Service3", "..\Service3\Service3.csproj", "{CA15CE4D-0A3A-448C-9986-89DA7C615A8E}"
EndProject
Global
	GlobalSection(SolutionConfigurationPlatforms) = preSolution
		Debug|Any CPU = Debug|Any CPU
		Release|Any CPU = Release|Any CPU
	EndGlobalSection
	GlobalSection(ProjectConfigurationPlatforms) = postSolution
		{7E8CCBAB-0CCD-4038-92B8-024A1F4FBF34}.Debug|Any CPU.ActiveCfg = Debug|Any CPU
		{7E8CCBAB-0CCD-4038-92B8-024A1F4FBF34}.Debug|Any CPU.Build.0 = Debug|Any CPU
		{7E8CCBAB-0CCD-4038-92B8-024A1F4FBF34}.Release|Any CPU.ActiveCfg = Release|Any CPU
		{7E8CCBAB-0CCD-4038-92B8-024A1F4FBF34}.Release|Any CPU.Build.0 = Release|Any CPU
		{7AB64356-0C8F-48DA-B377-ED1ABEEB08DE}.Debug|Any CPU.ActiveCfg = Debug|Any CPU
		{7AB64356-0C8F-48DA-B377-ED1ABEEB08DE}.Debug|Any CPU.Build.0 = Debug|Any CPU
		{7AB64356-0C8F-48DA-B377-ED1ABEEB08DE}.Release|Any CPU.ActiveCfg = Release|Any CPU
		{7AB64356-0C8F-48DA-B377-ED1ABEEB08DE}.Release|Any CPU.Build.0 = Release|Any CPU
		{CA15CE4D-0A3A-448C-9986-89DA7C615A8E}.Debug|Any CPU.ActiveCfg = Debug|Any CPU
		{CA15CE4D-0A3A-448C-9986-89DA7C615A8E}.Debug|Any CPU.Build.0 = Debug|Any CPU
		{CA15CE4D-0A3A-448C-9986-89DA7C615A8E}.Release|Any CPU.ActiveCfg = Release|Any CPU
		{CA15CE4D-0A3A-448C-9986-89DA7C615A8E}.Release|Any CPU.Build.0 = Release|Any CPU
	EndGlobalSection
	GlobalSection(SolutionProperties) = preSolution
		HideSolutionNode = FALSE
	EndGlobalSection
	GlobalSection(ExtensibilityGlobals) = postSolution
		SolutionGuid = {0A134FE6-7DED-4D8F-957D-DD2272B6F919}
	EndGlobalSection
EndGlobal
