
Microsoft Visual Studio Solution File, Format Version 12.00
# Visual Studio Version 17
VisualStudioVersion = 17.5.002.0
MinimumVisualStudioVersion = 10.0.40219.1
Project("{9A19103F-16F7-4668-BE54-9A1E7A4F7556}") = "MatBlazorService", "MatBlazorService.csproj", "{C4322B51-EE74-445A-A02B-D876D7386247}"
EndProject
Global
	GlobalSection(SolutionConfigurationPlatforms) = preSolution
		Debug|Any CPU = Debug|Any CPU
		Release|Any CPU = Release|Any CPU
	EndGlobalSection
	GlobalSection(ProjectConfigurationPlatforms) = postSolution
		{C4322B51-EE74-445A-A02B-D876D7386247}.Debug|Any CPU.ActiveCfg = Debug|Any CPU
		{C4322B51-EE74-445A-A02B-D876D7386247}.Debug|Any CPU.Build.0 = Debug|Any CPU
		{C4322B51-EE74-445A-A02B-D876D7386247}.Release|Any CPU.ActiveCfg = Release|Any CPU
		{C4322B51-EE74-445A-A02B-D876D7386247}.Release|Any CPU.Build.0 = Release|Any CPU
	EndGlobalSection
	GlobalSection(SolutionProperties) = preSolution
		HideSolutionNode = FALSE
	EndGlobalSection
	GlobalSection(ExtensibilityGlobals) = postSolution
		SolutionGuid = {D4A40985-8A37-46F5-8F5C-33EA7129DBC4}
	EndGlobalSection
EndGlobal
